
Microsoft Visual Studio Solution File, Format Version 12.00
# Visual Studio Version 17
VisualStudioVersion = 17.10.35013.160
MinimumVisualStudioVersion = 10.0.40219.1
Project("{FAE04EC0-301F-11D3-BF4B-00C04F79EFBC}") = "Game Theory - Repeated Prisoner's Dilemma", "Game Theory - Repeated Prisoner's Dilemma\Game Theory - Repeated Prisoner's Dilemma.csproj", "{0B837735-4C06-4BE6-BF4D-E199CE897526}"
EndProject
Global
	GlobalSection(SolutionConfigurationPlatforms) = preSolution
		Debug|Any CPU = Debug|Any CPU
		Release|Any CPU = Release|Any CPU
	EndGlobalSection
	GlobalSection(ProjectConfigurationPlatforms) = postSolution
		{0B837735-4C06-4BE6-BF4D-E199CE897526}.Debug|Any CPU.ActiveCfg = Debug|Any CPU
		{0B837735-4C06-4BE6-BF4D-E199CE897526}.Debug|Any CPU.Build.0 = Debug|Any CPU
		{0B837735-4C06-4BE6-BF4D-E199CE897526}.Release|Any CPU.ActiveCfg = Release|Any CPU
		{0B837735-4C06-4BE6-BF4D-E199CE897526}.Release|Any CPU.Build.0 = Release|Any CPU
	EndGlobalSection
	GlobalSection(SolutionProperties) = preSolution
		HideSolutionNode = FALSE
	EndGlobalSection
	GlobalSection(ExtensibilityGlobals) = postSolution
		SolutionGuid = {5F72AA7F-7388-4B05-944C-2533A898D250}
	EndGlobalSection
EndGlobal
